dependencies:
- name: n8n
  repository: https://community-charts.github.io/helm-charts
  version: 1.16.23
- name: browserless-chrome
  repository: https://scriptonbasestar-containers.github.io/sb-helm-charts
  version: 0.3.0
digest: sha256:9651bb57f80ad43224b28bc467153cdacd113239ba5e62c0bb2961daca00b3c1
generated: "2026-01-25T18:18:58.208697+07:00"
